<?xml version="1.0" encoding="utf-8"?>
<Project ToolsVersion="4.0" xmlns="http://schemas.microsoft.com/developer/msbuild/2003">
  <ItemGroup>
    <ClInclude Include="mixed\Vectors.h" />
    <ClInclude Include="mixed\mathlib.h" />
    <ClInclude Include="client_dll\C_CSPlayer.h" />
    <ClInclude Include="client_dll\CBoneSnapshot.h" />
    <ClInclude Include="mixed\CGlobalVarsBase.h" />
    <ClInclude Include="client_dll\C_BaseAnimating.h" />
    <ClInclude Include="mixed\StringStuff.h" />
    <ClInclude Include="engine_dll\CNetChan.h" />
    <ClInclude Include="client_dll\C_BaseEntity.h" />
    <ClInclude Include="engine_dll\cl_main.h" />
    <ClInclude Include="client_dll\CCSGOPlayerAnimState.h" />
    <ClInclude Include="mixed\Studio.h" />
    <ClInclude Include="mixed\AnimationStuff.h" />
    <ClInclude Include="server_dll\CCSGOPlayerAnimState.h" />
    <ClInclude Include="engine_dll\CEngineClient.h" />
    <ClInclude Include="engine_dll\CClientState.h" />
    <ClInclude Include="server_dll\CBasePlayerAnimState.h" />
    <ClInclude Include="server_dll\CCSPlayerAnimState.h" />
    <ClInclude Include="server_dll\CTakeDamageInfo.h" />
    <ClInclude Include="engine_dll\ConVar.h" />
    <ClInclude Include="mixed\EntityStuff.h" />
    <ClInclude Include="server_dll\CBaseAnimating.h" />
    <ClInclude Include="server_dll\CCSPlayer.h" />
    <ClInclude Include="engine_dll\COcclusionSystem.h" />
    <ClInclude Include="mixed\SomeDefs.h" />
    <ClInclude Include="client_dll\CGameMovement.h" />
    <ClInclude Include="mixed\C_CSPlayer.h" />
    <ClInclude Include="client_dll\C_BasePlayer.h" />
    <ClInclude Include="mixed\CUserCmd.h" />
    <ClInclude Include="client_dll\IPredictionSystem.h" />
    <ClInclude Include="client_dll\C_TempEntsSystem.h" />
    <ClInclude Include="client_dll\CPrediction.h" />
    <ClInclude Include="server_dll\CUserCmd.h" />
    <ClInclude Include="client_dll\CUserCmd.h" />
    <ClInclude Include="filesystem_stdio_dll\CFileSystem_Stdio.h" />
    <ClInclude Include="client_dll\C_CSGameRules.h" />
    <ClInclude Include="engine_dll\CEngineTrace.h" />
    <ClInclude Include="server_dll\CLagCompensationManager.h" />
    <ClInclude Include="server_dll\CBasePlayer.h" />
    <ClInclude Include="server_dll\CMoveHelperServer.h" />
    <ClInclude Include="mixed\CUtlVector.h" />
    <ClInclude Include="client_dll\CEngineTrace.h" />
    <ClInclude Include="server_dll\CEngineTrace.h" />
    <ClInclude Include="client_dll\CMoveHelperClient.h" />
    <ClInclude Include="server_dll\CBaseEntity.h" />
    <ClInclude Include="server_dll\CVoteController.h" />
    <ClInclude Include="server_dll\CCSGameStats.h" />
    <ClInclude Include="client_dll\CCSWeaponSystem.h" />
    <ClInclude Include="mixed\bitbuf.h" />
  </ItemGroup>
  <ItemGroup>
    <ClCompile Include="client_dll\C_CSPlayer.cpp" />
    <ClCompile Include="client_dll\CBoneSnapshot.cpp" />
    <ClCompile Include="client_dll\C_BaseAnimating.cpp" />
    <ClCompile Include="engine_dll\CNetChan.cpp" />
    <ClCompile Include="client_dll\CCSGOPlayerAnimState.cpp" />
    <ClCompile Include="engine_dll\CEngineClient.cpp" />
    <ClCompile Include="server_dll\CTakeDamageInfo.cpp" />
    <ClCompile Include="server_dll\CBasePlayerAnimState.cpp" />
    <ClCompile Include="server_dll\CCSGOPlayerAnimState.cpp" />
    <ClCompile Include="engine_dll\COcclusionSystem.cpp" />
    <ClCompile Include="client_dll\CGameMovement.cpp" />
    <ClCompile Include="client_dll\C_BasePlayer.cpp" />
    <ClCompile Include="filesystem_stdio_dll\CFileSystem_Stdio.cpp" />
    <ClCompile Include="client_dll\C_CSGameRules.cpp" />
    <ClCompile Include="server_dll\CMoveHelperServer.cpp" />
    <ClCompile Include="client_dll\CMoveHelperClient.cpp" />
    <ClCompile Include="server_dll\CBasePlayer.cpp" />
    <ClCompile Include="server_dll\CBaseEntity.cpp" />
    <ClCompile Include="server_dll\CCSPlayerAnimState.cpp" />
  </ItemGroup>
</Project>